
Microsoft Visual Studio Solution File, Format Version 12.00
# Visual Studio 14
VisualStudioVersion = 14.0.25420.1
MinimumVisualStudioVersion = 10.0.40219.1
Project("{FAE04EC0-301F-11D3-BF4B-00C04F79EFBC}") = "Medicalreferrals", "Medicalreferrals\Medicalreferrals.csproj", "{402AF5CF-ECF5-451C-98FB-12957CCA92B1}"
EndProject
Project("{FAE04EC0-301F-11D3-BF4B-00C04F79EFBC}") = "Medicalreferrals.Tests", "Medicalreferrals.Tests\Medicalreferrals.Tests.csproj", "{0BEB2389-8475-40D2-BD78-125501B8B7F8}"
EndProject
Project("{FAE04EC0-301F-11D3-BF4B-00C04F79EFBC}") = "Medicalreferrals.Resources", "Medicalreferrals.Resources\Medicalreferrals.Resources.csproj", "{70FD98A7-C0C5-43FD-B510-76B4662C39ED}"
EndProject
Global
	GlobalSection(SolutionConfigurationPlatforms) = preSolution
		Debug|Any CPU = Debug|Any CPU
		Release|Any CPU = Release|Any CPU
	EndGlobalSection
	GlobalSection(ProjectConfigurationPlatforms) = postSolution
		{402AF5CF-ECF5-451C-98FB-12957CCA92B1}.Debug|Any CPU.ActiveCfg = Debug|Any CPU
		{402AF5CF-ECF5-451C-98FB-12957CCA92B1}.Debug|Any CPU.Build.0 = Debug|Any CPU
		{402AF5CF-ECF5-451C-98FB-12957CCA92B1}.Release|Any CPU.ActiveCfg = Release|Any CPU
		{402AF5CF-ECF5-451C-98FB-12957CCA92B1}.Release|Any CPU.Build.0 = Release|Any CPU
		{0BEB2389-8475-40D2-BD78-125501B8B7F8}.Debug|Any CPU.ActiveCfg = Debug|Any CPU
		{0BEB2389-8475-40D2-BD78-125501B8B7F8}.Debug|Any CPU.Build.0 = Debug|Any CPU
		{0BEB2389-8475-40D2-BD78-125501B8B7F8}.Release|Any CPU.ActiveCfg = Release|Any CPU
		{0BEB2389-8475-40D2-BD78-125501B8B7F8}.Release|Any CPU.Build.0 = Release|Any CPU
		{70FD98A7-C0C5-43FD-B510-76B4662C39ED}.Debug|Any CPU.ActiveCfg = Debug|Any CPU
		{70FD98A7-C0C5-43FD-B510-76B4662C39ED}.Debug|Any CPU.Build.0 = Debug|Any CPU
		{70FD98A7-C0C5-43FD-B510-76B4662C39ED}.Release|Any CPU.ActiveCfg = Release|Any CPU
		{70FD98A7-C0C5-43FD-B510-76B4662C39ED}.Release|Any CPU.Build.0 = Release|Any CPU
	EndGlobalSection
	GlobalSection(SolutionProperties) = preSolution
		HideSolutionNode = FALSE
	EndGlobalSection
	GlobalSection(TeamFoundationVersionControl) = preSolution
		SccNumberOfProjects = 4
		SccEnterpriseProvider = {4CA58AB2-18FA-4F8D-95D4-32DDF27D184C}
		SccTeamFoundationServer = https://dkhachatryan.visualstudio.com/
		SccLocalPath0 = .
		SccProjectUniqueName1 = Medicalreferrals\\Medicalreferrals.csproj
		SccProjectName1 = Medicalreferrals
		SccLocalPath1 = Medicalreferrals
		SccProjectUniqueName2 = Medicalreferrals.Tests\\Medicalreferrals.Tests.csproj
		SccProjectName2 = Medicalreferrals.Tests
		SccLocalPath2 = Medicalreferrals.Tests
		SccProjectUniqueName3 = Medicalreferrals.Resources\\Medicalreferrals.Resources.csproj
		SccProjectName3 = Medicalreferrals.Resources
		SccLocalPath3 = Medicalreferrals.Resources
	EndGlobalSection
EndGlobal
